dependencies:
- name: kube-state-metrics
  repository: https://prometheus-community.github.io/helm-charts
  version: 5.10.1
- name: prometheus-node-exporter
  repository: https://prometheus-community.github.io/helm-charts
  version: 4.20.1
- name: grafana
  repository: https://grafana.github.io/helm-charts
  version: 6.58.5
digest: sha256:f51f3826afdb711eefba96055b00bf3bbdb695fb5db9dec5c79836433d634379
generated: "2023-07-25T13:29:00.115655+08:00"
