dependencies:
- name: kube-state-metrics
  repository: https://prometheus-community.github.io/helm-charts
  version: 5.8.2
- name: prometheus-node-exporter
  repository: https://prometheus-community.github.io/helm-charts
  version: 4.20.0
- name: grafana
  repository: https://grafana.github.io/helm-charts
  version: 6.48.2
digest: sha256:a5b6d27ec6084ab12d8d832f2c5d693f0d6a21ce61c272ab9bc2d3b8a7870d24
generated: "2023-07-19T13:58:19.059598+08:00"
